
Microsoft Visual Studio Solution File, Format Version 12.00
# Visual Studio 15
VisualStudioVersion = 15.0.27004.2006
MinimumVisualStudioVersion = 10.0.40219.1
Project("{FAE04EC0-301F-11D3-BF4B-00C04F79EFBC}") = "CycleTrip.Android", "CycleTrip\CycleTrip.Android\CycleTrip.Android.csproj", "{D14477E0-F620-4583-BE68-4141581AD47F}"
EndProject
Project("{FAE04EC0-301F-11D3-BF4B-00C04F79EFBC}") = "CycleTrip.iOS", "CycleTrip\CycleTrip.iOS\CycleTrip.iOS.csproj", "{41E71856-E4CD-4A12-8D99-1913EE01A09C}"
EndProject
Project("{FAE04EC0-301F-11D3-BF4B-00C04F79EFBC}") = "CycleTrip.UWP", "CycleTrip\CycleTrip.UWP\CycleTrip.UWP.csproj", "{182FA188-1B8C-490F-9BBB-1CAA0CB77365}"
EndProject
Project("{9A19103F-16F7-4668-BE54-9A1E7A4F7556}") = "CycleTrip", "CycleTrip\CycleTrip\CycleTrip.csproj", "{F3AAAE3D-0BCD-43FC-9640-57D5B9144EF5}"
EndProject
Project("{FAE04EC0-301F-11D3-BF4B-00C04F79EFBC}") = "CTForms.Android", "CTForms\CTForms.Android\CTForms.Android.csproj", "{24CE3C36-16B9-426D-AA0C-5961ECF8D88C}"
EndProject
Project("{FAE04EC0-301F-11D3-BF4B-00C04F79EFBC}") = "CTForms.iOS", "CTForms\CTForms.iOS\CTForms.iOS.csproj", "{05AAA206-A52F-4EDD-A5BF-12C80FD7D719}"
EndProject
Project("{FAE04EC0-301F-11D3-BF4B-00C04F79EFBC}") = "CTForms.UWP", "CTForms\CTForms.UWP\CTForms.UWP.csproj", "{5919D4D0-FF49-45E9-9D10-92CD41022583}"
EndProject
Project("{FAE04EC0-301F-11D3-BF4B-00C04F79EFBC}") = "CTForms", "CTForms\CTForms\CTForms.csproj", "{7D857BF7-383F-498C-A021-30C296BF50D1}"
EndProject
Global
	GlobalSection(SolutionConfigurationPlatforms) = preSolution
		Debug|Any CPU = Debug|Any CPU
		Debug|ARM = Debug|ARM
		Debug|iPhone = Debug|iPhone
		Debug|iPhoneSimulator = Debug|iPhoneSimulator
		Debug|x64 = Debug|x64
		Debug|x86 = Debug|x86
		Release|Any CPU = Release|Any CPU
		Release|ARM = Release|ARM
		Release|iPhone = Release|iPhone
		Release|iPhoneSimulator = Release|iPhoneSimulator
		Release|x64 = Release|x64
		Release|x86 = Release|x86
	EndGlobalSection
	GlobalSection(ProjectConfigurationPlatforms) = postSolution
		{D14477E0-F620-4583-BE68-4141581AD47F}.Debug|Any CPU.ActiveCfg = Debug|Any CPU
		{D14477E0-F620-4583-BE68-4141581AD47F}.Debug|Any CPU.Build.0 = Debug|Any CPU
		{D14477E0-F620-4583-BE68-4141581AD47F}.Debug|Any CPU.Deploy.0 = Debug|Any CPU
		{D14477E0-F620-4583-BE68-4141581AD47F}.Debug|ARM.ActiveCfg = Debug|Any CPU
		{D14477E0-F620-4583-BE68-4141581AD47F}.Debug|ARM.Build.0 = Debug|Any CPU
		{D14477E0-F620-4583-BE68-4141581AD47F}.Debug|ARM.Deploy.0 = Debug|Any CPU
		{D14477E0-F620-4583-BE68-4141581AD47F}.Debug|iPhone.ActiveCfg = Debug|Any CPU
		{D14477E0-F620-4583-BE68-4141581AD47F}.Debug|iPhone.Build.0 = Debug|Any CPU
		{D14477E0-F620-4583-BE68-4141581AD47F}.Debug|iPhone.Deploy.0 = Debug|Any CPU
		{D14477E0-F620-4583-BE68-4141581AD47F}.Debug|iPhoneSimulator.ActiveCfg = Debug|Any CPU
		{D14477E0-F620-4583-BE68-4141581AD47F}.Debug|iPhoneSimulator.Build.0 = Debug|Any CPU
		{D14477E0-F620-4583-BE68-4141581AD47F}.Debug|iPhoneSimulator.Deploy.0 = Debug|Any CPU
		{D14477E0-F620-4583-BE68-4141581AD47F}.Debug|x64.ActiveCfg = Debug|Any CPU
		{D14477E0-F620-4583-BE68-4141581AD47F}.Debug|x64.Build.0 = Debug|Any CPU
		{D14477E0-F620-4583-BE68-4141581AD47F}.Debug|x64.Deploy.0 = Debug|Any CPU
		{D14477E0-F620-4583-BE68-4141581AD47F}.Debug|x86.ActiveCfg = Debug|Any CPU
		{D14477E0-F620-4583-BE68-4141581AD47F}.Debug|x86.Build.0 = Debug|Any CPU
		{D14477E0-F620-4583-BE68-4141581AD47F}.Debug|x86.Deploy.0 = Debug|Any CPU
		{D14477E0-F620-4583-BE68-4141581AD47F}.Release|Any CPU.ActiveCfg = Release|Any CPU
		{D14477E0-F620-4583-BE68-4141581AD47F}.Release|Any CPU.Build.0 = Release|Any CPU
		{D14477E0-F620-4583-BE68-4141581AD47F}.Release|Any CPU.Deploy.0 = Release|Any CPU
		{D14477E0-F620-4583-BE68-4141581AD47F}.Release|ARM.ActiveCfg = Release|Any CPU
		{D14477E0-F620-4583-BE68-4141581AD47F}.Release|ARM.Build.0 = Release|Any CPU
		{D14477E0-F620-4583-BE68-4141581AD47F}.Release|ARM.Deploy.0 = Release|Any CPU
		{D14477E0-F620-4583-BE68-4141581AD47F}.Release|iPhone.ActiveCfg = Release|Any CPU
		{D14477E0-F620-4583-BE68-4141581AD47F}.Release|iPhone.Build.0 = Release|Any CPU
		{D14477E0-F620-4583-BE68-4141581AD47F}.Release|iPhone.Deploy.0 = Release|Any CPU
		{D14477E0-F620-4583-BE68-4141581AD47F}.Release|iPhoneSimulator.ActiveCfg = Release|Any CPU
		{D14477E0-F620-4583-BE68-4141581AD47F}.Release|iPhoneSimulator.Build.0 = Release|Any CPU
		{D14477E0-F620-4583-BE68-4141581AD47F}.Release|iPhoneSimulator.Deploy.0 = Release|Any CPU
		{D14477E0-F620-4583-BE68-4141581AD47F}.Release|x64.ActiveCfg = Release|Any CPU
		{D14477E0-F620-4583-BE68-4141581AD47F}.Release|x64.Build.0 = Release|Any CPU
		{D14477E0-F620-4583-BE68-4141581AD47F}.Release|x64.Deploy.0 = Release|Any CPU
		{D14477E0-F620-4583-BE68-4141581AD47F}.Release|x86.ActiveCfg = Release|Any CPU
		{D14477E0-F620-4583-BE68-4141581AD47F}.Release|x86.Build.0 = Release|Any CPU
		{D14477E0-F620-4583-BE68-4141581AD47F}.Release|x86.Deploy.0 = Release|Any CPU
		{41E71856-E4CD-4A12-8D99-1913EE01A09C}.Debug|Any CPU.ActiveCfg = Debug|iPhoneSimulator
		{41E71856-E4CD-4A12-8D99-1913EE01A09C}.Debug|ARM.ActiveCfg = Debug|iPhone
		{41E71856-E4CD-4A12-8D99-1913EE01A09C}.Debug|iPhone.ActiveCfg = Debug|iPhone
		{41E71856-E4CD-4A12-8D99-1913EE01A09C}.Debug|iPhone.Build.0 = Debug|iPhone
		{41E71856-E4CD-4A12-8D99-1913EE01A09C}.Debug|iPhoneSimulator.ActiveCfg = Debug|iPhoneSimulator
		{41E71856-E4CD-4A12-8D99-1913EE01A09C}.Debug|iPhoneSimulator.Build.0 = Debug|iPhoneSimulator
		{41E71856-E4CD-4A12-8D99-1913EE01A09C}.Debug|x64.ActiveCfg = Debug|iPhone
		{41E71856-E4CD-4A12-8D99-1913EE01A09C}.Debug|x86.ActiveCfg = Debug|iPhone
		{41E71856-E4CD-4A12-8D99-1913EE01A09C}.Release|Any CPU.ActiveCfg = Release|iPhoneSimulator
		{41E71856-E4CD-4A12-8D99-1913EE01A09C}.Release|ARM.ActiveCfg = Release|iPhone
		{41E71856-E4CD-4A12-8D99-1913EE01A09C}.Release|iPhone.ActiveCfg = Release|iPhone
		{41E71856-E4CD-4A12-8D99-1913EE01A09C}.Release|iPhone.Build.0 = Release|iPhone
		{41E71856-E4CD-4A12-8D99-1913EE01A09C}.Release|iPhoneSimulator.ActiveCfg = Release|iPhoneSimulator
		{41E71856-E4CD-4A12-8D99-1913EE01A09C}.Release|iPhoneSimulator.Build.0 = Release|iPhoneSimulator
		{41E71856-E4CD-4A12-8D99-1913EE01A09C}.Release|x64.ActiveCfg = Release|iPhone
		{41E71856-E4CD-4A12-8D99-1913EE01A09C}.Release|x86.ActiveCfg = Release|iPhone
		{182FA188-1B8C-490F-9BBB-1CAA0CB77365}.Debug|Any CPU.ActiveCfg = Debug|x86
		{182FA188-1B8C-490F-9BBB-1CAA0CB77365}.Debug|ARM.ActiveCfg = Debug|ARM
		{182FA188-1B8C-490F-9BBB-1CAA0CB77365}.Debug|ARM.Build.0 = Debug|ARM
		{182FA188-1B8C-490F-9BBB-1CAA0CB77365}.Debug|ARM.Deploy.0 = Debug|ARM
		{182FA188-1B8C-490F-9BBB-1CAA0CB77365}.Debug|iPhone.ActiveCfg = Debug|x86
		{182FA188-1B8C-490F-9BBB-1CAA0CB77365}.Debug|iPhoneSimulator.ActiveCfg = Debug|x86
		{182FA188-1B8C-490F-9BBB-1CAA0CB77365}.Debug|x64.ActiveCfg = Debug|x64
		{182FA188-1B8C-490F-9BBB-1CAA0CB77365}.Debug|x64.Build.0 = Debug|x64
		{182FA188-1B8C-490F-9BBB-1CAA0CB77365}.Debug|x64.Deploy.0 = Debug|x64
		{182FA188-1B8C-490F-9BBB-1CAA0CB77365}.Debug|x86.ActiveCfg = Debug|x86
		{182FA188-1B8C-490F-9BBB-1CAA0CB77365}.Debug|x86.Build.0 = Debug|x86
		{182FA188-1B8C-490F-9BBB-1CAA0CB77365}.Debug|x86.Deploy.0 = Debug|x86
		{182FA188-1B8C-490F-9BBB-1CAA0CB77365}.Release|Any CPU.ActiveCfg = Release|x86
		{182FA188-1B8C-490F-9BBB-1CAA0CB77365}.Release|ARM.ActiveCfg = Release|ARM
		{182FA188-1B8C-490F-9BBB-1CAA0CB77365}.Release|ARM.Build.0 = Release|ARM
		{182FA188-1B8C-490F-9BBB-1CAA0CB77365}.Release|ARM.Deploy.0 = Release|ARM
		{182FA188-1B8C-490F-9BBB-1CAA0CB77365}.Release|iPhone.ActiveCfg = Release|x86
		{182FA188-1B8C-490F-9BBB-1CAA0CB77365}.Release|iPhoneSimulator.ActiveCfg = Release|x86
		{182FA188-1B8C-490F-9BBB-1CAA0CB77365}.Release|x64.ActiveCfg = Release|x64
		{182FA188-1B8C-490F-9BBB-1CAA0CB77365}.Release|x64.Build.0 = Release|x64
		{182FA188-1B8C-490F-9BBB-1CAA0CB77365}.Release|x64.Deploy.0 = Release|x64
		{182FA188-1B8C-490F-9BBB-1CAA0CB77365}.Release|x86.ActiveCfg = Release|x86
		{182FA188-1B8C-490F-9BBB-1CAA0CB77365}.Release|x86.Build.0 = Release|x86
		{182FA188-1B8C-490F-9BBB-1CAA0CB77365}.Release|x86.Deploy.0 = Release|x86
		{F3AAAE3D-0BCD-43FC-9640-57D5B9144EF5}.Debug|Any CPU.ActiveCfg = Debug|Any CPU
		{F3AAAE3D-0BCD-43FC-9640-57D5B9144EF5}.Debug|Any CPU.Build.0 = Debug|Any CPU
		{F3AAAE3D-0BCD-43FC-9640-57D5B9144EF5}.Debug|ARM.ActiveCfg = Debug|Any CPU
		{F3AAAE3D-0BCD-43FC-9640-57D5B9144EF5}.Debug|ARM.Build.0 = Debug|Any CPU
		{F3AAAE3D-0BCD-43FC-9640-57D5B9144EF5}.Debug|iPhone.ActiveCfg = Debug|Any CPU
		{F3AAAE3D-0BCD-43FC-9640-57D5B9144EF5}.Debug|iPhone.Build.0 = Debug|Any CPU
		{F3AAAE3D-0BCD-43FC-9640-57D5B9144EF5}.Debug|iPhoneSimulator.ActiveCfg = Debug|Any CPU
		{F3AAAE3D-0BCD-43FC-9640-57D5B9144EF5}.Debug|iPhoneSimulator.Build.0 = Debug|Any CPU
		{F3AAAE3D-0BCD-43FC-9640-57D5B9144EF5}.Debug|x64.ActiveCfg = Debug|Any CPU
		{F3AAAE3D-0BCD-43FC-9640-57D5B9144EF5}.Debug|x64.Build.0 = Debug|Any CPU
		{F3AAAE3D-0BCD-43FC-9640-57D5B9144EF5}.Debug|x86.ActiveCfg = Debug|Any CPU
		{F3AAAE3D-0BCD-43FC-9640-57D5B9144EF5}.Debug|x86.Build.0 = Debug|Any CPU
		{F3AAAE3D-0BCD-43FC-9640-57D5B9144EF5}.Release|Any CPU.ActiveCfg = Release|Any CPU
		{F3AAAE3D-0BCD-43FC-9640-57D5B9144EF5}.Release|Any CPU.Build.0 = Release|Any CPU
		{F3AAAE3D-0BCD-43FC-9640-57D5B9144EF5}.Release|ARM.ActiveCfg = Release|Any CPU
		{F3AAAE3D-0BCD-43FC-9640-57D5B9144EF5}.Release|ARM.Build.0 = Release|Any CPU
		{F3AAAE3D-0BCD-43FC-9640-57D5B9144EF5}.Release|iPhone.ActiveCfg = Release|Any CPU
		{F3AAAE3D-0BCD-43FC-9640-57D5B9144EF5}.Release|iPhone.Build.0 = Release|Any CPU
		{F3AAAE3D-0BCD-43FC-9640-57D5B9144EF5}.Release|iPhoneSimulator.ActiveCfg = Release|Any CPU
		{F3AAAE3D-0BCD-43FC-9640-57D5B9144EF5}.Release|iPhoneSimulator.Build.0 = Release|Any CPU
		{F3AAAE3D-0BCD-43FC-9640-57D5B9144EF5}.Release|x64.ActiveCfg = Release|Any CPU
		{F3AAAE3D-0BCD-43FC-9640-57D5B9144EF5}.Release|x64.Build.0 = Release|Any CPU
		{F3AAAE3D-0BCD-43FC-9640-57D5B9144EF5}.Release|x86.ActiveCfg = Release|Any CPU
		{F3AAAE3D-0BCD-43FC-9640-57D5B9144EF5}.Release|x86.Build.0 = Release|Any CPU
		{24CE3C36-16B9-426D-AA0C-5961ECF8D88C}.Debug|Any CPU.ActiveCfg = Debug|Any CPU
		{24CE3C36-16B9-426D-AA0C-5961ECF8D88C}.Debug|Any CPU.Build.0 = Debug|Any CPU
		{24CE3C36-16B9-426D-AA0C-5961ECF8D88C}.Debug|Any CPU.Deploy.0 = Debug|Any CPU
		{24CE3C36-16B9-426D-AA0C-5961ECF8D88C}.Debug|ARM.ActiveCfg = Debug|Any CPU
		{24CE3C36-16B9-426D-AA0C-5961ECF8D88C}.Debug|ARM.Build.0 = Debug|Any CPU
		{24CE3C36-16B9-426D-AA0C-5961ECF8D88C}.Debug|ARM.Deploy.0 = Debug|Any CPU
		{24CE3C36-16B9-426D-AA0C-5961ECF8D88C}.Debug|iPhone.ActiveCfg = Debug|Any CPU
		{24CE3C36-16B9-426D-AA0C-5961ECF8D88C}.Debug|iPhone.Build.0 = Debug|Any CPU
		{24CE3C36-16B9-426D-AA0C-5961ECF8D88C}.Debug|iPhone.Deploy.0 = Debug|Any CPU
		{24CE3C36-16B9-426D-AA0C-5961ECF8D88C}.Debug|iPhoneSimulator.ActiveCfg = Debug|Any CPU
		{24CE3C36-16B9-426D-AA0C-5961ECF8D88C}.Debug|iPhoneSimulator.Build.0 = Debug|Any CPU
		{24CE3C36-16B9-426D-AA0C-5961ECF8D88C}.Debug|iPhoneSimulator.Deploy.0 = Debug|Any CPU
		{24CE3C36-16B9-426D-AA0C-5961ECF8D88C}.Debug|x64.ActiveCfg = Debug|Any CPU
		{24CE3C36-16B9-426D-AA0C-5961ECF8D88C}.Debug|x64.Build.0 = Debug|Any CPU
		{24CE3C36-16B9-426D-AA0C-5961ECF8D88C}.Debug|x64.Deploy.0 = Debug|Any CPU
		{24CE3C36-16B9-426D-AA0C-5961ECF8D88C}.Debug|x86.ActiveCfg = Debug|Any CPU
		{24CE3C36-16B9-426D-AA0C-5961ECF8D88C}.Debug|x86.Build.0 = Debug|Any CPU
		{24CE3C36-16B9-426D-AA0C-5961ECF8D88C}.Debug|x86.Deploy.0 = Debug|Any CPU
		{24CE3C36-16B9-426D-AA0C-5961ECF8D88C}.Release|Any CPU.ActiveCfg = Release|Any CPU
		{24CE3C36-16B9-426D-AA0C-5961ECF8D88C}.Release|Any CPU.Build.0 = Release|Any CPU
		{24CE3C36-16B9-426D-AA0C-5961ECF8D88C}.Release|Any CPU.Deploy.0 = Release|Any CPU
		{24CE3C36-16B9-426D-AA0C-5961ECF8D88C}.Release|ARM.ActiveCfg = Release|Any CPU
		{24CE3C36-16B9-426D-AA0C-5961ECF8D88C}.Release|ARM.Build.0 = Release|Any CPU
		{24CE3C36-16B9-426D-AA0C-5961ECF8D88C}.Release|ARM.Deploy.0 = Release|Any CPU
		{24CE3C36-16B9-426D-AA0C-5961ECF8D88C}.Release|iPhone.ActiveCfg = Release|Any CPU
		{24CE3C36-16B9-426D-AA0C-5961ECF8D88C}.Release|iPhone.Build.0 = Release|Any CPU
		{24CE3C36-16B9-426D-AA0C-5961ECF8D88C}.Release|iPhone.Deploy.0 = Release|Any CPU
		{24CE3C36-16B9-426D-AA0C-5961ECF8D88C}.Release|iPhoneSimulator.ActiveCfg = Release|Any CPU
		{24CE3C36-16B9-426D-AA0C-5961ECF8D88C}.Release|iPhoneSimulator.Build.0 = Release|Any CPU
		{24CE3C36-16B9-426D-AA0C-5961ECF8D88C}.Release|iPhoneSimulator.Deploy.0 = Release|Any CPU
		{24CE3C36-16B9-426D-AA0C-5961ECF8D88C}.Release|x64.ActiveCfg = Release|Any CPU
		{24CE3C36-16B9-426D-AA0C-5961ECF8D88C}.Release|x64.Build.0 = Release|Any CPU
		{24CE3C36-16B9-426D-AA0C-5961ECF8D88C}.Release|x64.Deploy.0 = Release|Any CPU
		{24CE3C36-16B9-426D-AA0C-5961ECF8D88C}.Release|x86.ActiveCfg = Release|Any CPU
		{24CE3C36-16B9-426D-AA0C-5961ECF8D88C}.Release|x86.Build.0 = Release|Any CPU
		{24CE3C36-16B9-426D-AA0C-5961ECF8D88C}.Release|x86.Deploy.0 = Release|Any CPU
		{05AAA206-A52F-4EDD-A5BF-12C80FD7D719}.Debug|Any CPU.ActiveCfg = Debug|iPhone
		{05AAA206-A52F-4EDD-A5BF-12C80FD7D719}.Debug|ARM.ActiveCfg = Debug|iPhone
		{05AAA206-A52F-4EDD-A5BF-12C80FD7D719}.Debug|iPhone.ActiveCfg = Debug|iPhone
		{05AAA206-A52F-4EDD-A5BF-12C80FD7D719}.Debug|iPhone.Build.0 = Debug|iPhone
		{05AAA206-A52F-4EDD-A5BF-12C80FD7D719}.Debug|iPhoneSimulator.ActiveCfg = Debug|iPhoneSimulator
		{05AAA206-A52F-4EDD-A5BF-12C80FD7D719}.Debug|iPhoneSimulator.Build.0 = Debug|iPhoneSimulator
		{05AAA206-A52F-4EDD-A5BF-12C80FD7D719}.Debug|x64.ActiveCfg = Debug|iPhone
		{05AAA206-A52F-4EDD-A5BF-12C80FD7D719}.Debug|x86.ActiveCfg = Debug|iPhone
		{05AAA206-A52F-4EDD-A5BF-12C80FD7D719}.Release|Any CPU.ActiveCfg = Release|iPhone
		{05AAA206-A52F-4EDD-A5BF-12C80FD7D719}.Release|ARM.ActiveCfg = Release|iPhone
		{05AAA206-A52F-4EDD-A5BF-12C80FD7D719}.Release|iPhone.ActiveCfg = Release|iPhone
		{05AAA206-A52F-4EDD-A5BF-12C80FD7D719}.Release|iPhone.Build.0 = Release|iPhone
		{05AAA206-A52F-4EDD-A5BF-12C80FD7D719}.Release|iPhoneSimulator.ActiveCfg = Release|iPhoneSimulator
		{05AAA206-A52F-4EDD-A5BF-12C80FD7D719}.Release|iPhoneSimulator.Build.0 = Release|iPhoneSimulator
		{05AAA206-A52F-4EDD-A5BF-12C80FD7D719}.Release|x64.ActiveCfg = Release|iPhone
		{05AAA206-A52F-4EDD-A5BF-12C80FD7D719}.Release|x86.ActiveCfg = Release|iPhone
		{5919D4D0-FF49-45E9-9D10-92CD41022583}.Debug|Any CPU.ActiveCfg = Debug|x86
		{5919D4D0-FF49-45E9-9D10-92CD41022583}.Debug|ARM.ActiveCfg = Debug|ARM
		{5919D4D0-FF49-45E9-9D10-92CD41022583}.Debug|ARM.Build.0 = Debug|ARM
		{5919D4D0-FF49-45E9-9D10-92CD41022583}.Debug|ARM.Deploy.0 = Debug|ARM
		{5919D4D0-FF49-45E9-9D10-92CD41022583}.Debug|iPhone.ActiveCfg = Debug|x86
		{5919D4D0-FF49-45E9-9D10-92CD41022583}.Debug|iPhoneSimulator.ActiveCfg = Debug|x86
		{5919D4D0-FF49-45E9-9D10-92CD41022583}.Debug|x64.ActiveCfg = Debug|x64
		{5919D4D0-FF49-45E9-9D10-92CD41022583}.Debug|x64.Build.0 = Debug|x64
		{5919D4D0-FF49-45E9-9D10-92CD41022583}.Debug|x64.Deploy.0 = Debug|x64
		{5919D4D0-FF49-45E9-9D10-92CD41022583}.Debug|x86.ActiveCfg = Debug|x86
		{5919D4D0-FF49-45E9-9D10-92CD41022583}.Debug|x86.Build.0 = Debug|x86
		{5919D4D0-FF49-45E9-9D10-92CD41022583}.Debug|x86.Deploy.0 = Debug|x86
		{5919D4D0-FF49-45E9-9D10-92CD41022583}.Release|Any CPU.ActiveCfg = Release|x86
		{5919D4D0-FF49-45E9-9D10-92CD41022583}.Release|ARM.ActiveCfg = Release|ARM
		{5919D4D0-FF49-45E9-9D10-92CD41022583}.Release|ARM.Build.0 = Release|ARM
		{5919D4D0-FF49-45E9-9D10-92CD41022583}.Release|ARM.Deploy.0 = Release|ARM
		{5919D4D0-FF49-45E9-9D10-92CD41022583}.Release|iPhone.ActiveCfg = Release|x86
		{5919D4D0-FF49-45E9-9D10-92CD41022583}.Release|iPhoneSimulator.ActiveCfg = Release|x86
		{5919D4D0-FF49-45E9-9D10-92CD41022583}.Release|x64.ActiveCfg = Release|x64
		{5919D4D0-FF49-45E9-9D10-92CD41022583}.Release|x64.Build.0 = Release|x64
		{5919D4D0-FF49-45E9-9D10-92CD41022583}.Release|x64.Deploy.0 = Release|x64
		{5919D4D0-FF49-45E9-9D10-92CD41022583}.Release|x86.ActiveCfg = Release|x86
		{5919D4D0-FF49-45E9-9D10-92CD41022583}.Release|x86.Build.0 = Release|x86
		{5919D4D0-FF49-45E9-9D10-92CD41022583}.Release|x86.Deploy.0 = Release|x86
		{7D857BF7-383F-498C-A021-30C296BF50D1}.Debug|Any CPU.ActiveCfg = Debug|Any CPU
		{7D857BF7-383F-498C-A021-30C296BF50D1}.Debug|Any CPU.Build.0 = Debug|Any CPU
		{7D857BF7-383F-498C-A021-30C296BF50D1}.Debug|ARM.ActiveCfg = Debug|Any CPU
		{7D857BF7-383F-498C-A021-30C296BF50D1}.Debug|ARM.Build.0 = Debug|Any CPU
		{7D857BF7-383F-498C-A021-30C296BF50D1}.Debug|iPhone.ActiveCfg = Debug|Any CPU
		{7D857BF7-383F-498C-A021-30C296BF50D1}.Debug|iPhone.Build.0 = Debug|Any CPU
		{7D857BF7-383F-498C-A021-30C296BF50D1}.Debug|iPhoneSimulator.ActiveCfg = Debug|Any CPU
		{7D857BF7-383F-498C-A021-30C296BF50D1}.Debug|iPhoneSimulator.Build.0 = Debug|Any CPU
		{7D857BF7-383F-498C-A021-30C296BF50D1}.Debug|x64.ActiveCfg = Debug|Any CPU
		{7D857BF7-383F-498C-A021-30C296BF50D1}.Debug|x64.Build.0 = Debug|Any CPU
		{7D857BF7-383F-498C-A021-30C296BF50D1}.Debug|x86.ActiveCfg = Debug|Any CPU
		{7D857BF7-383F-498C-A021-30C296BF50D1}.Debug|x86.Build.0 = Debug|Any CPU
		{7D857BF7-383F-498C-A021-30C296BF50D1}.Release|Any CPU.ActiveCfg = Release|Any CPU
		{7D857BF7-383F-498C-A021-30C296BF50D1}.Release|Any CPU.Build.0 = Release|Any CPU
		{7D857BF7-383F-498C-A021-30C296BF50D1}.Release|ARM.ActiveCfg = Release|Any CPU
		{7D857BF7-383F-498C-A021-30C296BF50D1}.Release|ARM.Build.0 = Release|Any CPU
		{7D857BF7-383F-498C-A021-30C296BF50D1}.Release|iPhone.ActiveCfg = Release|Any CPU
		{7D857BF7-383F-498C-A021-30C296BF50D1}.Release|iPhone.Build.0 = Release|Any CPU
		{7D857BF7-383F-498C-A021-30C296BF50D1}.Release|iPhoneSimulator.ActiveCfg = Release|Any CPU
		{7D857BF7-383F-498C-A021-30C296BF50D1}.Release|iPhoneSimulator.Build.0 = Release|Any CPU
		{7D857BF7-383F-498C-A021-30C296BF50D1}.Release|x64.ActiveCfg = Release|Any CPU
		{7D857BF7-383F-498C-A021-30C296BF50D1}.Release|x64.Build.0 = Release|Any CPU
		{7D857BF7-383F-498C-A021-30C296BF50D1}.Release|x86.ActiveCfg = Release|Any CPU
		{7D857BF7-383F-498C-A021-30C296BF50D1}.Release|x86.Build.0 = Release|Any CPU
	EndGlobalSection
	GlobalSection(SolutionProperties) = preSolution
		HideSolutionNode = FALSE
	EndGlobalSection
	GlobalSection(ExtensibilityGlobals) = postSolution
		SolutionGuid = {334B81E9-3D08-47D3-A851-1F98B421A93F}
	EndGlobalSection
EndGlobal
